
Microsoft Visual Studio Solution File, Format Version 12.00
Project("{8BC9CEB8-8B4A-11D0-8D11-00A0C91BC942}") = "Lab1", "Lab1\Lab1.vcxproj", "{E1717951-D488-4521-BCBD-52879411DEB0}"
EndProject
Project("{8BC9CEB8-8B4A-11D0-8D11-00A0C91BC942}") = "Lab2", "Lab2\Lab2.vcxproj", "{826E8162-8FBD-48EE-8918-DF9954BFFD1C}"
EndProject
Global
	GlobalSection(SolutionConfigurationPlatforms) = preSolution
		Debug|Win32 = Debug|Win32
		Debug|x64 = Debug|x64
		Release|Win32 = Release|Win32
		Release|x64 = Release|x64
	EndGlobalSection
	GlobalSection(ProjectConfigurationPlatforms) = postSolution
		{E1717951-D488-4521-BCBD-52879411DEB0}.Debug|Win32.ActiveCfg = Debug|Win32
		{E1717951-D488-4521-BCBD-52879411DEB0}.Debug|Win32.Build.0 = Debug|Win32
		{E1717951-D488-4521-BCBD-52879411DEB0}.Debug|x64.ActiveCfg = Debug|x64
		{E1717951-D488-4521-BCBD-52879411DEB0}.Debug|x64.Build.0 = Debug|x64
		{E1717951-D488-4521-BCBD-52879411DEB0}.Release|Win32.ActiveCfg = Release|Win32
		{E1717951-D488-4521-BCBD-52879411DEB0}.Release|Win32.Build.0 = Release|Win32
		{E1717951-D488-4521-BCBD-52879411DEB0}.Release|x64.ActiveCfg = Release|x64
		{E1717951-D488-4521-BCBD-52879411DEB0}.Release|x64.Build.0 = Release|x64
		{826E8162-8FBD-48EE-8918-DF9954BFFD1C}.Debug|Win32.ActiveCfg = Debug|Win32
		{826E8162-8FBD-48EE-8918-DF9954BFFD1C}.Debug|Win32.Build.0 = Debug|Win32
		{826E8162-8FBD-48EE-8918-DF9954BFFD1C}.Debug|x64.ActiveCfg = Debug|x64
		{826E8162-8FBD-48EE-8918-DF9954BFFD1C}.Debug|x64.Build.0 = Debug|x64
		{826E8162-8FBD-48EE-8918-DF9954BFFD1C}.Release|Win32.ActiveCfg = Release|Win32
		{826E8162-8FBD-48EE-8918-DF9954BFFD1C}.Release|Win32.Build.0 = Release|Win32
		{826E8162-8FBD-48EE-8918-DF9954BFFD1C}.Release|x64.ActiveCfg = Release|x64
		{826E8162-8FBD-48EE-8918-DF9954BFFD1C}.Release|x64.Build.0 = Release|x64
	EndGlobalSection
EndGlobal
